
Microsoft Visual Studio Solution File, Format Version 12.00
# Visual Studio Version 16
VisualStudioVersion = 16.0.30907.101
MinimumVisualStudioVersion = 10.0.40219.1
Project("{FAE04EC0-301F-11D3-BF4B-00C04F79EFBC}") = "GameProject", "GameProject\GameProject.csproj", "{EA537B39-D43E-457A-BF03-B465B0382E63}"
EndProject
Global
	GlobalSection(SolutionConfigurationPlatforms) = preSolution
		Debug|Any CPU = Debug|Any CPU
		Release|Any CPU = Release|Any CPU
	EndGlobalSection
	GlobalSection(ProjectConfigurationPlatforms) = postSolution
		{EA537B39-D43E-457A-BF03-B465B0382E63}.Debug|Any CPU.ActiveCfg = Debug|Any CPU
		{EA537B39-D43E-457A-BF03-B465B0382E63}.Debug|Any CPU.Build.0 = Debug|Any CPU
		{EA537B39-D43E-457A-BF03-B465B0382E63}.Release|Any CPU.ActiveCfg = Release|Any CPU
		{EA537B39-D43E-457A-BF03-B465B0382E63}.Release|Any CPU.Build.0 = Release|Any CPU
	EndGlobalSection
	GlobalSection(SolutionProperties) = preSolution
		HideSolutionNode = FALSE
	EndGlobalSection
	GlobalSection(ExtensibilityGlobals) = postSolution
		SolutionGuid = {6498CD96-276C-4E58-B187-3707754FC3A6}
	EndGlobalSection
EndGlobal
